// !$*UTF8*$!
{
	archiveVersion = 1;
	classes = {
	};
	objectVersion = 46;
	objects = {

/* Begin PBXBuildFile section */
		8FC3586F1CA9D585007658FA /* AppDelegate.swift in Sources */ = {isa = PBXBuildFile; fileRef = 8FC3586E1CA9D585007658FA /* AppDelegate.swift */; };
		8FC358741CA9D585007658FA /* Main.storyboard in Resources */ = {isa = PBXBuildFile; fileRef = 8FC358721CA9D585007658FA /* Main.storyboard */; };
		8FC358771CA9D585007658FA /* FavorriteMovieApp.xcdatamodeld in Sources */ = {isa = PBXBuildFile; fileRef = 8FC358751CA9D585007658FA /* FavorriteMovieApp.xcdatamodeld */; };
		8FC358791CA9D585007658FA /* Assets.xcassets in Resources */ = {isa = PBXBuildFile; fileRef = 8FC358781CA9D585007658FA /* Assets.xcassets */; };
		8FC3587C1CA9D585007658FA /* LaunchScreen.storyboard in Resources */ = {isa = PBXBuildFile; fileRef = 8FC3587A1CA9D585007658FA /* LaunchScreen.storyboard */; };
		8FC3588B1CA9DE38007658FA /* TitleLabel.swift in Sources */ = {isa = PBXBuildFile; fileRef = 8FC3588A1CA9DE38007658FA /* TitleLabel.swift */; };
		8FC3588D1CA9DEC4007658FA /* MainText.swift in Sources */ = {isa = PBXBuildFile; fileRef = 8FC3588C1CA9DEC4007658FA /* MainText.swift */; };
		8FC3588F1CA9DEED007658FA /* descriptionLabel.swift in Sources */ = {isa = PBXBuildFile; fileRef = 8FC3588E1CA9DEED007658FA /* descriptionLabel.swift */; };
		8FC358911CA9E39C007658FA /* MovieCell.swift in Sources */ = {isa = PBXBuildFile; fileRef = 8FC358901CA9E39C007658FA /* MovieCell.swift */; };
		8FC358931CA9E4FA007658FA /* MainVC.swift in Sources */ = {isa = PBXBuildFile; fileRef = 8FC358921CA9E4FA007658FA /* MainVC.swift */; };
		8FC3589F1CA9ECF8007658FA /* AddMovieVC.swift in Sources */ = {isa = PBXBuildFile; fileRef = 8FC3589E1CA9ECF8007658FA /* AddMovieVC.swift */; };
		8FC358A11CA9EF9D007658FA /* RoundedImg.swift in Sources */ = {isa = PBXBuildFile; fileRef = 8FC358A01CA9EF9D007658FA /* RoundedImg.swift */; };
		8FC358A51CA9F21D007658FA /* MoviesFactory.swift in Sources */ = {isa = PBXBuildFile; fileRef = 8FC358A41CA9F21D007658FA /* MoviesFactory.swift */; };
		8FC358AB1CA9FF56007658FA /* ViewMovieVC.swift in Sources */ = {isa = PBXBuildFile; fileRef = 8FC358AA1CA9FF56007658FA /* ViewMovieVC.swift */; };
		8FC358AD1CAA1396007658FA /* CircularImage.swift in Sources */ = {isa = PBXBuildFile; fileRef = 8FC358AC1CAA1396007658FA /* CircularImage.swift */; };
		8FC358B41CAA2E97007658FA /* Movie+CoreDataProperties.swift in Sources */ = {isa = PBXBuildFile; fileRef = 8FC358B21CAA2E97007658FA /* Movie+CoreDataProperties.swift */; };
		8FC358B51CAA2E97007658FA /* Movie.swift in Sources */ = {isa = PBXBuildFile; fileRef = 8FC358B31CAA2E97007658FA /* Movie.swift */; };
/* End PBXBuildFile section */

/* Begin PBXFileReference section */
		8FC3586B1CA9D585007658FA /* FavorriteMovieApp.app */ = {isa = PBXFileReference; explicitFileType = wrapper.application; includeInIndex = 0; path = FavorriteMovieApp.app; sourceTree = BUILT_PRODUCTS_DIR; };
		8FC3586E1CA9D585007658FA /* AppDelegate.swift */ = {isa = PBXFileReference; lastKnownFileType = sourcecode.swift; path = AppDelegate.swift; sourceTree = "<group>"; };
		8FC358731CA9D585007658FA /* Base */ = {isa = PBXFileReference; lastKnownFileType = file.storyboard; name = Base; path = Base.lproj/Main.storyboard; sourceTree = "<group>"; };
		8FC358761CA9D585007658FA /* FavorriteMovieApp.xcdatamodel */ = {isa = PBXFileReference; lastKnownFileType = wrapper.xcdatamodel; path = FavorriteMovieApp.xcdatamodel; sourceTree = "<group>"; };
		8FC358781CA9D585007658FA /* Assets.xcassets */ = {isa = PBXFileReference; lastKnownFileType = folder.assetcatalog; path = Assets.xcassets; sourceTree = "<group>"; };
		8FC3587B1CA9D585007658FA /* Base */ = {isa = PBXFileReference; lastKnownFileType = file.storyboard; name = Base; path = Base.lproj/LaunchScreen.storyboard; sourceTree = "<group>"; };
		8FC3587D1CA9D585007658FA /* Info.plist */ = {isa = PBXFileReference; lastKnownFileType = text.plist.xml; path = Info.plist; sourceTree = "<group>"; };
		8FC3588A1CA9DE38007658FA /* TitleLabel.swift */ = {isa = PBXFileReference; fileEncoding = 4; lastKnownFileType = sourcecode.swift; path = TitleLabel.swift; sourceTree = "<group>"; };
		8FC3588C1CA9DEC4007658FA /* MainText.swift */ = {isa = PBXFileReference; fileEncoding = 4; lastKnownFileType = sourcecode.swift; path = MainText.swift; sourceTree = "<group>"; };
		8FC3588E1CA9DEED007658FA /* descriptionLabel.swift */ = {isa = PBXFileReference; fileEncoding = 4; lastKnownFileType = sourcecode.swift; path = descriptionLabel.swift; sourceTree = "<group>"; };
		8FC358901CA9E39C007658FA /* MovieCell.swift */ = {isa = PBXFileReference; fileEncoding = 4; lastKnownFileType = sourcecode.swift; path = MovieCell.swift; sourceTree = "<group>"; };
		8FC358921CA9E4FA007658FA /* MainVC.swift */ = {isa = PBXFileReference; fileEncoding = 4; lastKnownFileType = sourcecode.swift; path = MainVC.swift; sourceTree = "<group>"; };
		8FC3589E1CA9ECF8007658FA /* AddMovieVC.swift */ = {isa = PBXFileReference; fileEncoding = 4; lastKnownFileType = sourcecode.swift; path = AddMovieVC.swift; sourceTree = "<group>"; };
		8FC358A01CA9EF9D007658FA /* RoundedImg.swift */ = {isa = PBXFileReference; fileEncoding = 4; lastKnownFileType = sourcecode.swift; path = RoundedImg.swift; sourceTree = "<group>"; };
		8FC358A41CA9F21D007658FA /* MoviesFactory.swift */ = {isa = PBXFileReference; fileEncoding = 4; lastKnownFileType = sourcecode.swift; path = MoviesFactory.swift; sourceTree = "<group>"; };
		8FC358AA1CA9FF56007658FA /* ViewMovieVC.swift */ = {isa = PBXFileReference; fileEncoding = 4; lastKnownFileType = sourcecode.swift; path = ViewMovieVC.swift; sourceTree = "<group>"; };
		8FC358AC1CAA1396007658FA /* CircularImage.swift */ = {isa = PBXFileReference; fileEncoding = 4; lastKnownFileType = sourcecode.swift; path = CircularImage.swift; sourceTree = "<group>"; };
		8FC358B21CAA2E97007658FA /* Movie+CoreDataProperties.swift */ = {isa = PBXFileReference; fileEncoding = 4; lastKnownFileType = sourcecode.swift; path = "Movie+CoreDataProperties.swift"; sourceTree = "<group>"; };
		8FC358B31CAA2E97007658FA /* Movie.swift */ = {isa = PBXFileReference; fileEncoding = 4; lastKnownFileType = sourcecode.swift; path = Movie.swift; sourceTree = "<group>"; };
/* End PBXFileReference section */

/* Begin PBXFrameworksBuildPhase section */
		8FC358681CA9D585007658FA /* Frameworks */ = {
			isa = PBXFrameworksBuildPhase;
			buildActionMask = 2147483647;
			files = (
			);
			runOnlyForDeploymentPostprocessing = 0;
		};
/* End PBXFrameworksBuildPhase section */

/* Begin PBXGroup section */
		8FC358621CA9D585007658FA = {
			isa = PBXGroup;
			children = (
				8FC3586D1CA9D585007658FA /* FavorriteMovieApp */,
				8FC3586C1CA9D585007658FA /* Products */,
			);
			sourceTree = "<group>";
		};
		8FC3586C1CA9D585007658FA /* Products */ = {
			isa = PBXGroup;
			children = (
				8FC3586B1CA9D585007658FA /* FavorriteMovieApp.app */,
			);
			name = Products;
			sourceTree = "<group>";
		};
		8FC3586D1CA9D585007658FA /* FavorriteMovieApp */ = {
			isa = PBXGroup;
			children = (
				8FC3589D1CA9E949007658FA /* Factory */,
				8FC3589C1CA9E942007658FA /* Service */,
				8FC358851CA9D67E007658FA /* Model */,
				8FC358841CA9D678007658FA /* Controller */,
				8FC358831CA9D672007658FA /* View */,
				8FC3586E1CA9D585007658FA /* AppDelegate.swift */,
				8FC358781CA9D585007658FA /* Assets.xcassets */,
				8FC3587D1CA9D585007658FA /* Info.plist */,
				8FC358751CA9D585007658FA /* FavorriteMovieApp.xcdatamodeld */,
			);
			path = FavorriteMovieApp;
			sourceTree = "<group>";
		};
		8FC358831CA9D672007658FA /* View */ = {
			isa = PBXGroup;
			children = (
				8FC3587A1CA9D585007658FA /* LaunchScreen.storyboard */,
				8FC358721CA9D585007658FA /* Main.storyboard */,
				8FC3588A1CA9DE38007658FA /* TitleLabel.swift */,
				8FC3588C1CA9DEC4007658FA /* MainText.swift */,
				8FC3588E1CA9DEED007658FA /* descriptionLabel.swift */,
				8FC358901CA9E39C007658FA /* MovieCell.swift */,
				8FC358A01CA9EF9D007658FA /* RoundedImg.swift */,
				8FC358AC1CAA1396007658FA /* CircularImage.swift */,
			);
			name = View;
			sourceTree = "<group>";
		};
		8FC358841CA9D678007658FA /* Controller */ = {
			isa = PBXGroup;
			children = (
				8FC358921CA9E4FA007658FA /* MainVC.swift */,
				8FC3589E1CA9ECF8007658FA /* AddMovieVC.swift */,
				8FC358AA1CA9FF56007658FA /* ViewMovieVC.swift */,
			);
			name = Controller;
			sourceTree = "<group>";
		};
		8FC358851CA9D67E007658FA /* Model */ = {
			isa = PBXGroup;
			children = (
				8FC358B21CAA2E97007658FA /* Movie+CoreDataProperties.swift */,
				8FC358B31CAA2E97007658FA /* Movie.swift */,
			);
			name = Model;
			sourceTree = "<group>";
		};
		8FC3589C1CA9E942007658FA /* Service */ = {
			isa = PBXGroup;
			children = (
			);
			name = Service;
			sourceTree = "<group>";
		};
		8FC3589D1CA9E949007658FA /* Factory */ = {
			isa = PBXGroup;
			children = (
				8FC358A41CA9F21D007658FA /* MoviesFactory.swift */,
			);
			name = Factory;
			sourceTree = "<group>";
		};
/* End PBXGroup section */

/* Begin PBXNativeTarget section */
		8FC3586A1CA9D585007658FA /* FavorriteMovieApp */ = {
			isa = PBXNativeTarget;
			buildConfigurationList = 8FC358801CA9D585007658FA /* Build configuration list for PBXNativeTarget "FavorriteMovieApp" */;
			buildPhases = (
				8FC358671CA9D585007658FA /* Sources */,
				8FC358681CA9D585007658FA /* Frameworks */,
				8FC358691CA9D585007658FA /* Resources */,
			);
			buildRules = (
			);
			dependencies = (
			);
			name = FavorriteMovieApp;
			productName = FavorriteMovieApp;
			productReference = 8FC3586B1CA9D585007658FA /* FavorriteMovieApp.app */;
			productType = "com.apple.product-type.application";
		};
/* End PBXNativeTarget section */

/* Begin PBXProject section */
		8FC358631CA9D585007658FA /* Project object */ = {
			isa = PBXProject;
			attributes = {
				LastSwiftUpdateCheck = 0730;
				LastUpgradeCheck = 0730;
				ORGANIZATIONNAME = "Federico Enrriquez";
				TargetAttributes = {
					8FC3586A1CA9D585007658FA = {
						CreatedOnToolsVersion = 7.3;
						DevelopmentTeam = TKTV962Y3R;
					};
				};
			};
			buildConfigurationList = 8FC358661CA9D585007658FA /* Build configuration list for PBXProject "FavorriteMovieApp" */;
			compatibilityVersion = "Xcode 3.2";
			developmentRegion = English;
			hasScannedForEncodings = 0;
			knownRegions = (
				en,
				Base,
			);
			mainGroup = 8FC358621CA9D585007658FA;
			productRefGroup = 8FC3586C1CA9D585007658FA /* Products */;
			projectDirPath = "";
			projectRoot = "";
			targets = (
				8FC3586A1CA9D585007658FA /* FavorriteMovieApp */,
			);
		};
/* End PBXProject section */

/* Begin PBXResourcesBuildPhase section */
		8FC358691CA9D585007658FA /* Resources */ = {
			isa = PBXResourcesBuildPhase;
			buildActionMask = 2147483647;
			files = (
				8FC3587C1CA9D585007658FA /* LaunchScreen.storyboard in Resources */,
				8FC358791CA9D585007658FA /* Assets.xcassets in Resources */,
				8FC358741CA9D585007658FA /* Main.storyboard in Resources */,
			);
			runOnlyForDeploymentPostprocessing = 0;
		};
/* End PBXResourcesBuildPhase section */

/* Begin PBXSourcesBuildPhase section */
		8FC358671CA9D585007658FA /* Sources */ = {
			isa = PBXSourcesBuildPhase;
			buildActionMask = 2147483647;
			files = (
				8FC358911CA9E39C007658FA /* MovieCell.swift in Sources */,
				8FC358A11CA9EF9D007658FA /* RoundedImg.swift in Sources */,
				8FC358AD1CAA1396007658FA /* CircularImage.swift in Sources */,
				8FC358AB1CA9FF56007658FA /* ViewMovieVC.swift in Sources */,
				8FC3588F1CA9DEED007658FA /* descriptionLabel.swift in Sources */,
				8FC358A51CA9F21D007658FA /* MoviesFactory.swift in Sources */,
				8FC3589F1CA9ECF8007658FA /* AddMovieVC.swift in Sources */,
				8FC3588D1CA9DEC4007658FA /* MainText.swift in Sources */,
				8FC3588B1CA9DE38007658FA /* TitleLabel.swift in Sources */,
				8FC358931CA9E4FA007658FA /* MainVC.swift in Sources */,
				8FC3586F1CA9D585007658FA /* AppDelegate.swift in Sources */,
				8FC358B41CAA2E97007658FA /* Movie+CoreDataProperties.swift in Sources */,
				8FC358771CA9D585007658FA /* FavorriteMovieApp.xcdatamodeld in Sources */,
				8FC358B51CAA2E97007658FA /* Movie.swift in Sources */,
			);
			runOnlyForDeploymentPostprocessing = 0;
		};
/* End PBXSourcesBuildPhase section */

/* Begin PBXVariantGroup section */
		8FC358721CA9D585007658FA /* Main.storyboard */ = {
			isa = PBXVariantGroup;
			children = (
				8FC358731CA9D585007658FA /* Base */,
			);
			name = Main.storyboard;
			sourceTree = "<group>";
		};
		8FC3587A1CA9D585007658FA /* LaunchScreen.storyboard */ = {
			isa = PBXVariantGroup;
			children = (
				8FC3587B1CA9D585007658FA /* Base */,
			);
			name = LaunchScreen.storyboard;
			sourceTree = "<group>";
		};
/* End PBXVariantGroup section */

/* Begin XCBuildConfiguration section */
		8FC3587E1CA9D585007658FA /* Debug */ = {
			isa = XCBuildConfiguration;
			buildSettings = {
				ALWAYS_SEARCH_USER_PATHS = NO;
				CLANG_ANALYZER_NONNULL = YES;
				CLANG_CXX_LANGUAGE_STANDARD = "gnu++0x";
				CLANG_CXX_LIBRARY = "libc++";
				CLANG_ENABLE_MODULES = YES;
				CLANG_ENABLE_OBJC_ARC = YES;
				CLANG_WARN_BOOL_CONVERSION = YES;
				CLANG_WARN_CONSTANT_CONVERSION = YES;
				CLANG_WARN_DIRECT_OBJC_ISA_USAGE = YES_ERROR;
				CLANG_WARN_EMPTY_BODY = YES;
				CLANG_WARN_ENUM_CONVERSION = YES;
				CLANG_WARN_INT_CONVERSION = YES;
				CLANG_WARN_OBJC_ROOT_CLASS = YES_ERROR;
				CLANG_WARN_UNREACHABLE_CODE = YES;
				CLANG_WARN__DUPLICATE_METHOD_MATCH = YES;
				"CODE_SIGN_IDENTITY[sdk=iphoneos*]" = "iPhone Developer";
				COPY_PHASE_STRIP = NO;
				DEBUG_INFORMATION_FORMAT = dwarf;
				ENABLE_STRICT_OBJC_MSGSEND = YES;
				ENABLE_TESTABILITY = YES;
				GCC_C_LANGUAGE_STANDARD = gnu99;
				GCC_DYNAMIC_NO_PIC = NO;
				GCC_NO_COMMON_BLOCKS = YES;
				GCC_OPTIMIZATION_LEVEL = 0;
				GCC_PREPROCESSOR_DEFINITIONS = (
					"DEBUG=1",
					"$(inherited)",
				);
				GCC_WARN_64_TO_32_BIT_CONVERSION = YES;
				GCC_WARN_ABOUT_RETURN_TYPE = YES_ERROR;
				GCC_WARN_UNDECLARED_SELECTOR = YES;
				GCC_WARN_UNINITIALIZED_AUTOS = YES_AGGRESSIVE;
				GCC_WARN_UNUSED_FUNCTION = YES;
				GCC_WARN_UNUSED_VARIABLE = YES;
				IPHONEOS_DEPLOYMENT_TARGET = 9.3;
				MTL_ENABLE_DEBUG_INFO = YES;
				ONLY_ACTIVE_ARCH = YES;
				SDKROOT = iphoneos;
				SWIFT_OPTIMIZATION_LEVEL = "-Onone";
				TARGETED_DEVICE_FAMILY = "1,2";
			};
			name = Debug;
		};
		8FC3587F1CA9D585007658FA /* Release */ = {
			isa = XCBuildConfiguration;
			buildSettings = {
				ALWAYS_SEARCH_USER_PATHS = NO;
				CLANG_ANALYZER_NONNULL = YES;
				CLANG_CXX_LANGUAGE_STANDARD = "gnu++0x";
				CLANG_CXX_LIBRARY = "libc++";
				CLANG_ENABLE_MODULES = YES;
				CLANG_ENABLE_OBJC_ARC = YES;
				CLANG_WARN_BOOL_CONVERSION = YES;
				CLANG_WARN_CONSTANT_CONVERSION = YES;
				CLANG_WARN_DIRECT_OBJC_ISA_USAGE = YES_ERROR;
				CLANG_WARN_EMPTY_BODY = YES;
				CLANG_WARN_ENUM_CONVERSION = YES;
				CLANG_WARN_INT_CONVERSION = YES;
				CLANG_WARN_OBJC_ROOT_CLASS = YES_ERROR;
				CLANG_WARN_UNREACHABLE_CODE = YES;
				CLANG_WARN__DUPLICATE_METHOD_MATCH = YES;
				"CODE_SIGN_IDENTITY[sdk=iphoneos*]" = "iPhone Developer";
				COPY_PHASE_STRIP = NO;
				DEBUG_INFORMATION_FORMAT = "dwarf-with-dsym";
				ENABLE_NS_ASSERTIONS = NO;
				ENABLE_STRICT_OBJC_MSGSEND = YES;
				GCC_C_LANGUAGE_STANDARD = gnu99;
				GCC_NO_COMMON_BLOCKS = YES;
				GCC_WARN_64_TO_32_BIT_CONVERSION = YES;
				GCC_WARN_ABOUT_RETURN_TYPE = YES_ERROR;
				GCC_WARN_UNDECLARED_SELECTOR = YES;
				GCC_WARN_UNINITIALIZED_AUTOS = YES_AGGRESSIVE;
				GCC_WARN_UNUSED_FUNCTION = YES;
				GCC_WARN_UNUSED_VARIABLE = YES;
				IPHONEOS_DEPLOYMENT_TARGET = 9.3;
				MTL_ENABLE_DEBUG_INFO = NO;
				SDKROOT = iphoneos;
				TARGETED_DEVICE_FAMILY = "1,2";
				VALIDATE_PRODUCT = YES;
			};
			name = Release;
		};
		8FC358811CA9D585007658FA /* Debug */ = {
			isa = XCBuildConfiguration;
			buildSettings = {
				ASSETCATALOG_COMPILER_APPICON_NAME = AppIcon;
				INFOPLIST_FILE = FavorriteMovieApp/Info.plist;
				LD_RUNPATH_SEARCH_PATHS = "$(inherited) @executable_path/Frameworks";
				PRODUCT_BUNDLE_IDENTIFIER = com.fenrriquez.lesson6.FavorriteMovieApp;
				PRODUCT_NAME = "$(TARGET_NAME)";
			};
			name = Debug;
		};
		8FC358821CA9D585007658FA /* Release */ = {
			isa = XCBuildConfiguration;
			buildSettings = {
				ASSETCATALOG_COMPILER_APPICON_NAME = AppIcon;
				INFOPLIST_FILE = FavorriteMovieApp/Info.plist;
				LD_RUNPATH_SEARCH_PATHS = "$(inherited) @executable_path/Frameworks";
				PRODUCT_BUNDLE_IDENTIFIER = com.fenrriquez.lesson6.FavorriteMovieApp;
				PRODUCT_NAME = "$(TARGET_NAME)";
			};
			name = Release;
		};
/* End XCBuildConfiguration section */

/* Begin XCConfigurationList section */
		8FC358661CA9D585007658FA /* Build configuration list for PBXProject "FavorriteMovieApp" */ = {
			isa = XCConfigurationList;
			buildConfigurations = (
				8FC3587E1CA9D585007658FA /* Debug */,
				8FC3587F1CA9D585007658FA /* Release */,
			);
			defaultConfigurationIsVisible = 0;
			defaultConfigurationName = Release;
		};
		8FC358801CA9D585007658FA /* Build configuration list for PBXNativeTarget "FavorriteMovieApp" */ = {
			isa = XCConfigurationList;
			buildConfigurations = (
				8FC358811CA9D585007658FA /* Debug */,
				8FC358821CA9D585007658FA /* Release */,
			);
			defaultConfigurationIsVisible = 0;
			defaultConfigurationName = Release;
		};
/* End XCConfigurationList section */

/* Begin XCVersionGroup section */
		8FC358751CA9D585007658FA /* FavorriteMovieApp.xcdatamodeld */ = {
			isa = XCVersionGroup;
			children = (
				8FC358761CA9D585007658FA /* FavorriteMovieApp.xcdatamodel */,
			);
			currentVersion = 8FC358761CA9D585007658FA /* FavorriteMovieApp.xcdatamodel */;
			path = FavorriteMovieApp.xcdatamodeld;
			sourceTree = "<group>";
			versionGroupType = wrapper.xcdatamodel;
		};
/* End XCVersionGroup section */
	};
	rootObject = 8FC358631CA9D585007658FA /* Project object */;
}
